Microsoft Visual Studio Solution File, Format Version 12.00
# Visual Studio Version 17
VisualStudioVersion = 17.5.2.0
MinimumVisualStudioVersion = 10.0.40219.1
Project("{FAE04EC0-301F-11D3-BF4B-00C04F79EFBC}") = "lesson04_animation", "lesson04_animation.csproj", "{0DA42AA6-0788-1EA6-6C68-9600E64BADF6}"
EndProject
Global
	GlobalSection(SolutionConfigurationPlatforms) = preSolution
		Debug|Any CPU = Debug|Any CPU
		Release|Any CPU = Release|Any CPU
	EndGlobalSection
	GlobalSection(ProjectConfigurationPlatforms) = postSolution
		{0DA42AA6-0788-1EA6-6C68-9600E64BADF6}.Debug|Any CPU.ActiveCfg = Debug|Any CPU
		{0DA42AA6-0788-1EA6-6C68-9600E64BADF6}.Debug|Any CPU.Build.0 = Debug|Any CPU
		{0DA42AA6-0788-1EA6-6C68-9600E64BADF6}.Release|Any CPU.ActiveCfg = Release|Any CPU
		{0DA42AA6-0788-1EA6-6C68-9600E64BADF6}.Release|Any CPU.Build.0 = Release|Any CPU
	EndGlobalSection
	GlobalSection(SolutionProperties) = preSolution
		HideSolutionNode = FALSE
	EndGlobalSection
	GlobalSection(ExtensibilityGlobals) = postSolution
		SolutionGuid = {A9C356F7-EB43-4D4A-A094-CB4880CC3F1E}
	EndGlobalSection
EndGlobal
