
Microsoft Visual Studio Solution File, Format Version 12.00
# Visual Studio Version 17
VisualStudioVersion = 17.0.31903.59
MinimumVisualStudioVersion = 10.0.40219.1
Project("{FAE04EC0-301F-11D3-BF4B-00C04F79EFBC}") = "lesson04_animation", "lesson04_animation\lesson04_animation.csproj", "{36EBD5AA-48B2-4B78-BEAA-F30BAAAFF430}"
EndProject
Project("{FAE04EC0-301F-11D3-BF4B-00C04F79EFBC}") = "lesson02_importing_and_displaying_content", "lesson02_importing_and_displaying_content\lesson02_importing_and_displaying_content.csproj", "{59FAF15C-4C28-4F95-BF77-198DB8D2D80B}"
EndProject
Project("{FAE04EC0-301F-11D3-BF4B-00C04F79EFBC}") = "lesson03_draw_sprite_exercise_solution", "lesson03_draw_sprite_exercise_solution\lesson03_draw_sprite_exercise_solution.csproj", "{4258AF2C-753B-49FE-9510-A0FDC357BC4A}"
EndProject
Project("{FAE04EC0-301F-11D3-BF4B-00C04F79EFBC}") = "lesson03_draw_sprite", "lesson03_draw_sprite\lesson03_draw_sprite.csproj", "{ADFA7A09-232C-40E2-9E03-EDC81F728DE4}"
EndProject
Project("{FAE04EC0-301F-11D3-BF4B-00C04F79EFBC}") = "lesson05_keyboard_input", "lesson05_keyboard_input\lesson05_keyboard_input.csproj", "{AFE54ABD-F0CA-4C78-8218-51FFE6F269B8}"
EndProject
Project("{FAE04EC0-301F-11D3-BF4B-00C04F79EFBC}") = "lesson06_tictactoe01_mouse_input", "lesson06_tictactoe01_mouse_input\lesson06_tictactoe01_mouse_input.csproj", "{33493C5A-FD24-42B6-BB38-2281150E8D0B}"
EndProject
Project("{FAE04EC0-301F-11D3-BF4B-00C04F79EFBC}") = "lesson07_2D_arrays", "lesson07_2D_arrays\lesson07_2D_arrays.csproj", "{8717B99F-9BC2-4E9B-99EA-662EEE019243}"
EndProject
Project("{FAE04EC0-301F-11D3-BF4B-00C04F79EFBC}") = "lesson08_tictactoe_final", "lesson08_tictactoe_final\lesson08_tictactoe_final.csproj", "{B86B5369-B0E1-4459-A0A4-5560402A02B6}"
EndProject
Global
	GlobalSection(SolutionConfigurationPlatforms) = preSolution
		Debug|Any CPU = Debug|Any CPU
		Release|Any CPU = Release|Any CPU
	EndGlobalSection
	GlobalSection(SolutionProperties) = preSolution
		HideSolutionNode = FALSE
	EndGlobalSection
	GlobalSection(ProjectConfigurationPlatforms) = postSolution
		{36EBD5AA-48B2-4B78-BEAA-F30BAAAFF430}.Debug|Any CPU.ActiveCfg = Debug|Any CPU
		{36EBD5AA-48B2-4B78-BEAA-F30BAAAFF430}.Debug|Any CPU.Build.0 = Debug|Any CPU
		{36EBD5AA-48B2-4B78-BEAA-F30BAAAFF430}.Release|Any CPU.ActiveCfg = Release|Any CPU
		{36EBD5AA-48B2-4B78-BEAA-F30BAAAFF430}.Release|Any CPU.Build.0 = Release|Any CPU
		{59FAF15C-4C28-4F95-BF77-198DB8D2D80B}.Debug|Any CPU.ActiveCfg = Debug|Any CPU
		{59FAF15C-4C28-4F95-BF77-198DB8D2D80B}.Debug|Any CPU.Build.0 = Debug|Any CPU
		{59FAF15C-4C28-4F95-BF77-198DB8D2D80B}.Release|Any CPU.ActiveCfg = Release|Any CPU
		{59FAF15C-4C28-4F95-BF77-198DB8D2D80B}.Release|Any CPU.Build.0 = Release|Any CPU
		{4258AF2C-753B-49FE-9510-A0FDC357BC4A}.Debug|Any CPU.ActiveCfg = Debug|Any CPU
		{4258AF2C-753B-49FE-9510-A0FDC357BC4A}.Debug|Any CPU.Build.0 = Debug|Any CPU
		{4258AF2C-753B-49FE-9510-A0FDC357BC4A}.Release|Any CPU.ActiveCfg = Release|Any CPU
		{4258AF2C-753B-49FE-9510-A0FDC357BC4A}.Release|Any CPU.Build.0 = Release|Any CPU
		{ADFA7A09-232C-40E2-9E03-EDC81F728DE4}.Debug|Any CPU.ActiveCfg = Debug|Any CPU
		{ADFA7A09-232C-40E2-9E03-EDC81F728DE4}.Debug|Any CPU.Build.0 = Debug|Any CPU
		{ADFA7A09-232C-40E2-9E03-EDC81F728DE4}.Release|Any CPU.ActiveCfg = Release|Any CPU
		{ADFA7A09-232C-40E2-9E03-EDC81F728DE4}.Release|Any CPU.Build.0 = Release|Any CPU
		{AFE54ABD-F0CA-4C78-8218-51FFE6F269B8}.Debug|Any CPU.ActiveCfg = Debug|Any CPU
		{AFE54ABD-F0CA-4C78-8218-51FFE6F269B8}.Debug|Any CPU.Build.0 = Debug|Any CPU
		{AFE54ABD-F0CA-4C78-8218-51FFE6F269B8}.Release|Any CPU.ActiveCfg = Release|Any CPU
		{AFE54ABD-F0CA-4C78-8218-51FFE6F269B8}.Release|Any CPU.Build.0 = Release|Any CPU
		{33493C5A-FD24-42B6-BB38-2281150E8D0B}.Debug|Any CPU.ActiveCfg = Debug|Any CPU
		{33493C5A-FD24-42B6-BB38-2281150E8D0B}.Debug|Any CPU.Build.0 = Debug|Any CPU
		{33493C5A-FD24-42B6-BB38-2281150E8D0B}.Release|Any CPU.ActiveCfg = Release|Any CPU
		{33493C5A-FD24-42B6-BB38-2281150E8D0B}.Release|Any CPU.Build.0 = Release|Any CPU
		{8717B99F-9BC2-4E9B-99EA-662EEE019243}.Debug|Any CPU.ActiveCfg = Debug|Any CPU
		{8717B99F-9BC2-4E9B-99EA-662EEE019243}.Debug|Any CPU.Build.0 = Debug|Any CPU
		{8717B99F-9BC2-4E9B-99EA-662EEE019243}.Release|Any CPU.ActiveCfg = Release|Any CPU
		{8717B99F-9BC2-4E9B-99EA-662EEE019243}.Release|Any CPU.Build.0 = Release|Any CPU
		{B86B5369-B0E1-4459-A0A4-5560402A02B6}.Debug|Any CPU.ActiveCfg = Debug|Any CPU
		{B86B5369-B0E1-4459-A0A4-5560402A02B6}.Debug|Any CPU.Build.0 = Debug|Any CPU
		{B86B5369-B0E1-4459-A0A4-5560402A02B6}.Release|Any CPU.ActiveCfg = Release|Any CPU
		{B86B5369-B0E1-4459-A0A4-5560402A02B6}.Release|Any CPU.Build.0 = Release|Any CPU
	EndGlobalSection
EndGlobal
