Microsoft Visual Studio Solution File, Format Version 12.00
# Visual Studio Version 17
VisualStudioVersion = 17.5.2.0
MinimumVisualStudioVersion = 10.0.40219.1
Project("{FAE04EC0-301F-11D3-BF4B-00C04F79EFBC}") = "lesson09_pong_begin", "lesson09_pong_begin.csproj", "{04D91C4F-BC28-5000-75A3-83D7D3137ABD}"
EndProject
Global
	GlobalSection(SolutionConfigurationPlatforms) = preSolution
		Debug|Any CPU = Debug|Any CPU
		Release|Any CPU = Release|Any CPU
	EndGlobalSection
	GlobalSection(ProjectConfigurationPlatforms) = postSolution
		{04D91C4F-BC28-5000-75A3-83D7D3137ABD}.Debug|Any CPU.ActiveCfg = Debug|Any CPU
		{04D91C4F-BC28-5000-75A3-83D7D3137ABD}.Debug|Any CPU.Build.0 = Debug|Any CPU
		{04D91C4F-BC28-5000-75A3-83D7D3137ABD}.Release|Any CPU.ActiveCfg = Release|Any CPU
		{04D91C4F-BC28-5000-75A3-83D7D3137ABD}.Release|Any CPU.Build.0 = Release|Any CPU
	EndGlobalSection
	GlobalSection(SolutionProperties) = preSolution
		HideSolutionNode = FALSE
	EndGlobalSection
	GlobalSection(ExtensibilityGlobals) = postSolution
		SolutionGuid = {FAFE3F51-6ECA-4E0F-BA9F-31B25183BE4A}
	EndGlobalSection
EndGlobal
